
Microsoft Visual Studio Solution File, Format Version 12.00
# Visual Studio Version 17
VisualStudioVersion = 17.2.32616.157
MinimumVisualStudioVersion = 10.0.40219.1
Project("{FAE04EC0-301F-11D3-BF4B-00C04F79EFBC}") = "MySonarProject", "MySonarProject\MySonarProject.csproj", "{86E7B6A2-9E28-49FC-8E2B-3899A480D222}"
EndProject
Global
	GlobalSection(SolutionConfigurationPlatforms) = preSolution
		Debug|Any CPU = Debug|Any CPU
		Release|Any CPU = Release|Any CPU
	EndGlobalSection
	GlobalSection(ProjectConfigurationPlatforms) = postSolution
		{86E7B6A2-9E28-49FC-8E2B-3899A480D222}.Debug|Any CPU.ActiveCfg = Debug|Any CPU
		{86E7B6A2-9E28-49FC-8E2B-3899A480D222}.Debug|Any CPU.Build.0 = Debug|Any CPU
		{86E7B6A2-9E28-49FC-8E2B-3899A480D222}.Release|Any CPU.ActiveCfg = Release|Any CPU
		{86E7B6A2-9E28-49FC-8E2B-3899A480D222}.Release|Any CPU.Build.0 = Release|Any CPU
	EndGlobalSection
	GlobalSection(SolutionProperties) = preSolution
		HideSolutionNode = FALSE
	EndGlobalSection
	GlobalSection(ExtensibilityGlobals) = postSolution
		SolutionGuid = {C46943BA-67E0-4B3C-AFFD-9C2073684964}
	EndGlobalSection
EndGlobal
